
Microsoft Visual Studio Solution File, Format Version 12.00
# Visual Studio Version 17
VisualStudioVersion = 17.13.35931.197 d17.13
MinimumVisualStudioVersion = 10.0.40219.1
Project("{FAE04EC0-301F-11D3-BF4B-00C04F79EFBC}") = "recorder_finish", "recorder_finish\recorder_finish.csproj", "{C37F68B1-24CD-4485-BCFD-8E03ED96901F}"
EndProject
Global
	GlobalSection(SolutionConfigurationPlatforms) = preSolution
		Debug|Any CPU = Debug|Any CPU
		Release|Any CPU = Release|Any CPU
	EndGlobalSection
	GlobalSection(ProjectConfigurationPlatforms) = postSolution
		{C37F68B1-24CD-4485-BCFD-8E03ED96901F}.Debug|Any CPU.ActiveCfg = Debug|Any CPU
		{C37F68B1-24CD-4485-BCFD-8E03ED96901F}.Debug|Any CPU.Build.0 = Debug|Any CPU
		{C37F68B1-24CD-4485-BCFD-8E03ED96901F}.Release|Any CPU.ActiveCfg = Release|Any CPU
		{C37F68B1-24CD-4485-BCFD-8E03ED96901F}.Release|Any CPU.Build.0 = Release|Any CPU
	EndGlobalSection
	GlobalSection(SolutionProperties) = preSolution
		HideSolutionNode = FALSE
	EndGlobalSection
	GlobalSection(ExtensibilityGlobals) = postSolution
		SolutionGuid = {79602B07-FEA5-462B-B297-233065B42F93}
	EndGlobalSection
EndGlobal
